
Microsoft Visual Studio Solution File, Format Version 12.00
# Visual Studio Version 16
VisualStudioVersion = 16.0.30204.135
MinimumVisualStudioVersion = 10.0.40219.1
Project("{FAE04EC0-301F-11D3-BF4B-00C04F79EFBC}") = "wypozyczalnia_produkcja", "wypozyczalnia_produkcja.csproj", "{C670BC8A-45EA-4A53-847C-9673C34EA847}"
EndProject
Project("{9A19103F-16F7-4668-BE54-9A1E7A4F7556}") = "WypozyczalniaUnitTest", "..\WypozyczalniaUnitTest\WypozyczalniaUnitTest.csproj", "{FD6DF84C-E059-4884-ACD2-5463C5FEF8FF}"
EndProject
Global
	GlobalSection(SolutionConfigurationPlatforms) = preSolution
		Debug|Any CPU = Debug|Any CPU
		Release|Any CPU = Release|Any CPU
	EndGlobalSection
	GlobalSection(ProjectConfigurationPlatforms) = postSolution
		{C670BC8A-45EA-4A53-847C-9673C34EA847}.Debug|Any CPU.ActiveCfg = Debug|Any CPU
		{C670BC8A-45EA-4A53-847C-9673C34EA847}.Debug|Any CPU.Build.0 = Debug|Any CPU
		{C670BC8A-45EA-4A53-847C-9673C34EA847}.Release|Any CPU.ActiveCfg = Release|Any CPU
		{C670BC8A-45EA-4A53-847C-9673C34EA847}.Release|Any CPU.Build.0 = Release|Any CPU
		{FD6DF84C-E059-4884-ACD2-5463C5FEF8FF}.Debug|Any CPU.ActiveCfg = Debug|Any CPU
		{FD6DF84C-E059-4884-ACD2-5463C5FEF8FF}.Debug|Any CPU.Build.0 = Debug|Any CPU
		{FD6DF84C-E059-4884-ACD2-5463C5FEF8FF}.Release|Any CPU.ActiveCfg = Release|Any CPU
		{FD6DF84C-E059-4884-ACD2-5463C5FEF8FF}.Release|Any CPU.Build.0 = Release|Any CPU
	EndGlobalSection
	GlobalSection(SolutionProperties) = preSolution
		HideSolutionNode = FALSE
	EndGlobalSection
	GlobalSection(ExtensibilityGlobals) = postSolution
		SolutionGuid = {F3FFFA94-0EB7-4E29-8D96-CC4401D97470}
	EndGlobalSection
EndGlobal
